
Microsoft Visual Studio Solution File, Format Version 12.00
Project("{FAE04EC0-301F-11D3-BF4B-00C04F79EFBC}") = "WebApp", "WebApp\WebApp.csproj", "{DB941FE5-C24E-47F4-9648-DE67DAF0CCFE}"
EndProject
Project("{2150E333-8FDC-42A3-9474-1A3956D46DE8}") = "Base", "Base", "{44BB1ABE-B5F5-42FC-8A73-67F0B29774BA}"
EndProject
Project("{2150E333-8FDC-42A3-9474-1A3956D46DE8}") = "Base.Contracts", "Base.Contracts", "{C3132D69-926C-4557-B5FC-00B3B88B5947}"
EndProject
Project("{FAE04EC0-301F-11D3-BF4B-00C04F79EFBC}") = "Base.Contracts.Domain", "Base.Contracts.Domain\Base.Contracts.Domain.csproj", "{9264D0D0-2625-480E-91E4-5F6730B49D2D}"
EndProject
Project("{FAE04EC0-301F-11D3-BF4B-00C04F79EFBC}") = "Base.Domain", "Base.Domain\Base.Domain.csproj", "{ED66CA34-F1DE-4A5C-9FE3-7865F8997DE1}"
EndProject
Project("{2150E333-8FDC-42A3-9474-1A3956D46DE8}") = "App", "App", "{D7289B58-8837-4C27-AEE7-654AB504513F}"
EndProject
Project("{2150E333-8FDC-42A3-9474-1A3956D46DE8}") = "Solution Items", "Solution Items", "{6FBC628C-50F5-4769-9435-AA5A9C73703B}"
	ProjectSection(SolutionItems) = preProject
		README.md = README.md
		..\HW01.pdf = ..\HW01.pdf
		docker-compose.yml = docker-compose.yml
		.dockerignore = .dockerignore
		.gitignore = .gitignore
		..\..\..\Documents\Career\IADB\4. semester\Distributed Systems\HW03-documentation.pdf = ..\..\..\Documents\Career\IADB\4. semester\Distributed Systems\HW03-documentation.pdf
	EndProjectSection
EndProject
Project("{FAE04EC0-301F-11D3-BF4B-00C04F79EFBC}") = "App.Domain", "App.Domain\App.Domain.csproj", "{3AB4E217-9202-48F6-B484-FE86BC003BCA}"
EndProject
Project("{FAE04EC0-301F-11D3-BF4B-00C04F79EFBC}") = "App.Resources", "App.Resources\App.Resources.csproj", "{2A47DC98-88C8-4DCC-AC3D-80CDE52F78F1}"
EndProject
Project("{FAE04EC0-301F-11D3-BF4B-00C04F79EFBC}") = "Base.Contracts.DAL", "Base.Contracts.DAL\Base.Contracts.DAL.csproj", "{D64D133E-EF42-4001-99F1-795CD37CA619}"
EndProject
Project("{FAE04EC0-301F-11D3-BF4B-00C04F79EFBC}") = "Base.DAL.EF", "Base.DAL.EF\Base.DAL.EF.csproj", "{0920E452-6057-4976-81B7-CA054EC8FA1B}"
EndProject
Project("{FAE04EC0-301F-11D3-BF4B-00C04F79EFBC}") = "App.Contracts.DAL", "App.Contracts.DAL\App.Contracts.DAL.csproj", "{30A2B266-458B-470E-899E-D8988B112C59}"
EndProject
Project("{FAE04EC0-301F-11D3-BF4B-00C04F79EFBC}") = "App.DAL.EF", "App.DAL.EF\App.DAL.EF.csproj", "{FAFD1CB8-F52B-4BCC-9542-CA3B6505A12D}"
EndProject
Project("{FAE04EC0-301F-11D3-BF4B-00C04F79EFBC}") = "Base.Extensions", "Base.Extensions\Base.Extensions.csproj", "{6FBCF524-7AFF-4689-9C56-EFEE90BB1951}"
EndProject
Project("{FAE04EC0-301F-11D3-BF4B-00C04F79EFBC}") = "App.DAL.DTO", "App.DAL.DTO\App.DAL.DTO.csproj", "{B89E0374-69C2-4F42-992B-87EC7A64C0FF}"
EndProject
Project("{FAE04EC0-301F-11D3-BF4B-00C04F79EFBC}") = "Base.Contracts.Base", "Base.Contracts.Base\Base.Contracts.Base.csproj", "{054FA8A8-B85B-4A2C-A78A-DE5B4090FA6B}"
EndProject
Project("{FAE04EC0-301F-11D3-BF4B-00C04F79EFBC}") = "Base.DAL", "Base.DAL\Base.DAL.csproj", "{79B0CBD2-BA9F-48BA-B012-C764C2E50DFC}"
EndProject
Global
	GlobalSection(SolutionConfigurationPlatforms) = preSolution
		Debug|Any CPU = Debug|Any CPU
		Release|Any CPU = Release|Any CPU
	EndGlobalSection
	GlobalSection(ProjectConfigurationPlatforms) = postSolution
		{DB941FE5-C24E-47F4-9648-DE67DAF0CCFE}.Debug|Any CPU.ActiveCfg = Debug|Any CPU
		{DB941FE5-C24E-47F4-9648-DE67DAF0CCFE}.Debug|Any CPU.Build.0 = Debug|Any CPU
		{DB941FE5-C24E-47F4-9648-DE67DAF0CCFE}.Release|Any CPU.ActiveCfg = Release|Any CPU
		{DB941FE5-C24E-47F4-9648-DE67DAF0CCFE}.Release|Any CPU.Build.0 = Release|Any CPU
		{9264D0D0-2625-480E-91E4-5F6730B49D2D}.Debug|Any CPU.ActiveCfg = Debug|Any CPU
		{9264D0D0-2625-480E-91E4-5F6730B49D2D}.Debug|Any CPU.Build.0 = Debug|Any CPU
		{9264D0D0-2625-480E-91E4-5F6730B49D2D}.Release|Any CPU.ActiveCfg = Release|Any CPU
		{9264D0D0-2625-480E-91E4-5F6730B49D2D}.Release|Any CPU.Build.0 = Release|Any CPU
		{ED66CA34-F1DE-4A5C-9FE3-7865F8997DE1}.Debug|Any CPU.ActiveCfg = Debug|Any CPU
		{ED66CA34-F1DE-4A5C-9FE3-7865F8997DE1}.Debug|Any CPU.Build.0 = Debug|Any CPU
		{ED66CA34-F1DE-4A5C-9FE3-7865F8997DE1}.Release|Any CPU.ActiveCfg = Release|Any CPU
		{ED66CA34-F1DE-4A5C-9FE3-7865F8997DE1}.Release|Any CPU.Build.0 = Release|Any CPU
		{3AB4E217-9202-48F6-B484-FE86BC003BCA}.Debug|Any CPU.ActiveCfg = Debug|Any CPU
		{3AB4E217-9202-48F6-B484-FE86BC003BCA}.Debug|Any CPU.Build.0 = Debug|Any CPU
		{3AB4E217-9202-48F6-B484-FE86BC003BCA}.Release|Any CPU.ActiveCfg = Release|Any CPU
		{3AB4E217-9202-48F6-B484-FE86BC003BCA}.Release|Any CPU.Build.0 = Release|Any CPU
		{2A47DC98-88C8-4DCC-AC3D-80CDE52F78F1}.Debug|Any CPU.ActiveCfg = Debug|Any CPU
		{2A47DC98-88C8-4DCC-AC3D-80CDE52F78F1}.Debug|Any CPU.Build.0 = Debug|Any CPU
		{2A47DC98-88C8-4DCC-AC3D-80CDE52F78F1}.Release|Any CPU.ActiveCfg = Release|Any CPU
		{2A47DC98-88C8-4DCC-AC3D-80CDE52F78F1}.Release|Any CPU.Build.0 = Release|Any CPU
		{D64D133E-EF42-4001-99F1-795CD37CA619}.Debug|Any CPU.ActiveCfg = Debug|Any CPU
		{D64D133E-EF42-4001-99F1-795CD37CA619}.Debug|Any CPU.Build.0 = Debug|Any CPU
		{D64D133E-EF42-4001-99F1-795CD37CA619}.Release|Any CPU.ActiveCfg = Release|Any CPU
		{D64D133E-EF42-4001-99F1-795CD37CA619}.Release|Any CPU.Build.0 = Release|Any CPU
		{0920E452-6057-4976-81B7-CA054EC8FA1B}.Debug|Any CPU.ActiveCfg = Debug|Any CPU
		{0920E452-6057-4976-81B7-CA054EC8FA1B}.Debug|Any CPU.Build.0 = Debug|Any CPU
		{0920E452-6057-4976-81B7-CA054EC8FA1B}.Release|Any CPU.ActiveCfg = Release|Any CPU
		{0920E452-6057-4976-81B7-CA054EC8FA1B}.Release|Any CPU.Build.0 = Release|Any CPU
		{30A2B266-458B-470E-899E-D8988B112C59}.Debug|Any CPU.ActiveCfg = Debug|Any CPU
		{30A2B266-458B-470E-899E-D8988B112C59}.Debug|Any CPU.Build.0 = Debug|Any CPU
		{30A2B266-458B-470E-899E-D8988B112C59}.Release|Any CPU.ActiveCfg = Release|Any CPU
		{30A2B266-458B-470E-899E-D8988B112C59}.Release|Any CPU.Build.0 = Release|Any CPU
		{FAFD1CB8-F52B-4BCC-9542-CA3B6505A12D}.Debug|Any CPU.ActiveCfg = Debug|Any CPU
		{FAFD1CB8-F52B-4BCC-9542-CA3B6505A12D}.Debug|Any CPU.Build.0 = Debug|Any CPU
		{FAFD1CB8-F52B-4BCC-9542-CA3B6505A12D}.Release|Any CPU.ActiveCfg = Release|Any CPU
		{FAFD1CB8-F52B-4BCC-9542-CA3B6505A12D}.Release|Any CPU.Build.0 = Release|Any CPU
		{6FBCF524-7AFF-4689-9C56-EFEE90BB1951}.Debug|Any CPU.ActiveCfg = Debug|Any CPU
		{6FBCF524-7AFF-4689-9C56-EFEE90BB1951}.Debug|Any CPU.Build.0 = Debug|Any CPU
		{6FBCF524-7AFF-4689-9C56-EFEE90BB1951}.Release|Any CPU.ActiveCfg = Release|Any CPU
		{6FBCF524-7AFF-4689-9C56-EFEE90BB1951}.Release|Any CPU.Build.0 = Release|Any CPU
		{B89E0374-69C2-4F42-992B-87EC7A64C0FF}.Debug|Any CPU.ActiveCfg = Debug|Any CPU
		{B89E0374-69C2-4F42-992B-87EC7A64C0FF}.Debug|Any CPU.Build.0 = Debug|Any CPU
		{B89E0374-69C2-4F42-992B-87EC7A64C0FF}.Release|Any CPU.ActiveCfg = Release|Any CPU
		{B89E0374-69C2-4F42-992B-87EC7A64C0FF}.Release|Any CPU.Build.0 = Release|Any CPU
		{054FA8A8-B85B-4A2C-A78A-DE5B4090FA6B}.Debug|Any CPU.ActiveCfg = Debug|Any CPU
		{054FA8A8-B85B-4A2C-A78A-DE5B4090FA6B}.Debug|Any CPU.Build.0 = Debug|Any CPU
		{054FA8A8-B85B-4A2C-A78A-DE5B4090FA6B}.Release|Any CPU.ActiveCfg = Release|Any CPU
		{054FA8A8-B85B-4A2C-A78A-DE5B4090FA6B}.Release|Any CPU.Build.0 = Release|Any CPU
		{79B0CBD2-BA9F-48BA-B012-C764C2E50DFC}.Debug|Any CPU.ActiveCfg = Debug|Any CPU
		{79B0CBD2-BA9F-48BA-B012-C764C2E50DFC}.Debug|Any CPU.Build.0 = Debug|Any CPU
		{79B0CBD2-BA9F-48BA-B012-C764C2E50DFC}.Release|Any CPU.ActiveCfg = Release|Any CPU
		{79B0CBD2-BA9F-48BA-B012-C764C2E50DFC}.Release|Any CPU.Build.0 = Release|Any CPU
	EndGlobalSection
	GlobalSection(NestedProjects) = preSolution
		{9264D0D0-2625-480E-91E4-5F6730B49D2D} = {C3132D69-926C-4557-B5FC-00B3B88B5947}
		{ED66CA34-F1DE-4A5C-9FE3-7865F8997DE1} = {44BB1ABE-B5F5-42FC-8A73-67F0B29774BA}
		{DB941FE5-C24E-47F4-9648-DE67DAF0CCFE} = {D7289B58-8837-4C27-AEE7-654AB504513F}
		{3AB4E217-9202-48F6-B484-FE86BC003BCA} = {D7289B58-8837-4C27-AEE7-654AB504513F}
		{2A47DC98-88C8-4DCC-AC3D-80CDE52F78F1} = {D7289B58-8837-4C27-AEE7-654AB504513F}
		{D64D133E-EF42-4001-99F1-795CD37CA619} = {C3132D69-926C-4557-B5FC-00B3B88B5947}
		{0920E452-6057-4976-81B7-CA054EC8FA1B} = {44BB1ABE-B5F5-42FC-8A73-67F0B29774BA}
		{30A2B266-458B-470E-899E-D8988B112C59} = {D7289B58-8837-4C27-AEE7-654AB504513F}
		{FAFD1CB8-F52B-4BCC-9542-CA3B6505A12D} = {D7289B58-8837-4C27-AEE7-654AB504513F}
		{6FBCF524-7AFF-4689-9C56-EFEE90BB1951} = {44BB1ABE-B5F5-42FC-8A73-67F0B29774BA}
		{B89E0374-69C2-4F42-992B-87EC7A64C0FF} = {D7289B58-8837-4C27-AEE7-654AB504513F}
		{054FA8A8-B85B-4A2C-A78A-DE5B4090FA6B} = {C3132D69-926C-4557-B5FC-00B3B88B5947}
		{79B0CBD2-BA9F-48BA-B012-C764C2E50DFC} = {44BB1ABE-B5F5-42FC-8A73-67F0B29774BA}
	EndGlobalSection
EndGlobal
