
Microsoft Visual Studio Solution File, Format Version 12.00
Project("{FAE04EC0-301F-11D3-BF4B-00C04F79EFBC}") = "WebApp", "WebApp\WebApp.csproj", "{DB941FE5-C24E-47F4-9648-DE67DAF0CCFE}"
EndProject
Project("{2150E333-8FDC-42A3-9474-1A3956D46DE8}") = "Base", "Base", "{44BB1ABE-B5F5-42FC-8A73-67F0B29774BA}"
EndProject
Project("{2150E333-8FDC-42A3-9474-1A3956D46DE8}") = "Base.Contracts", "Base.Contracts", "{C3132D69-926C-4557-B5FC-00B3B88B5947}"
EndProject
Project("{FAE04EC0-301F-11D3-BF4B-00C04F79EFBC}") = "Base.Contracts.Domain", "Base.Contracts.Domain\Base.Contracts.Domain.csproj", "{9264D0D0-2625-480E-91E4-5F6730B49D2D}"
EndProject
Project("{FAE04EC0-301F-11D3-BF4B-00C04F79EFBC}") = "Base.Domain", "Base.Domain\Base.Domain.csproj", "{ED66CA34-F1DE-4A5C-9FE3-7865F8997DE1}"
EndProject
Project("{2150E333-8FDC-42A3-9474-1A3956D46DE8}") = "App", "App", "{D7289B58-8837-4C27-AEE7-654AB504513F}"
EndProject
Project("{2150E333-8FDC-42A3-9474-1A3956D46DE8}") = "Solution Items", "Solution Items", "{6FBC628C-50F5-4769-9435-AA5A9C73703B}"
	ProjectSection(SolutionItems) = preProject
		README.md = README.md
	EndProjectSection
EndProject
Project("{FAE04EC0-301F-11D3-BF4B-00C04F79EFBC}") = "App.Domain", "App.Domain\App.Domain.csproj", "{3AB4E217-9202-48F6-B484-FE86BC003BCA}"
EndProject
Project("{FAE04EC0-301F-11D3-BF4B-00C04F79EFBC}") = "DAL.App", "DAL.App\DAL.App.csproj", "{DA8D8528-318D-4EEC-A359-4BBAF7ED58D5}"
EndProject
Global
	GlobalSection(SolutionConfigurationPlatforms) = preSolution
		Debug|Any CPU = Debug|Any CPU
		Release|Any CPU = Release|Any CPU
	EndGlobalSection
	GlobalSection(ProjectConfigurationPlatforms) = postSolution
		{DB941FE5-C24E-47F4-9648-DE67DAF0CCFE}.Debug|Any CPU.ActiveCfg = Debug|Any CPU
		{DB941FE5-C24E-47F4-9648-DE67DAF0CCFE}.Debug|Any CPU.Build.0 = Debug|Any CPU
		{DB941FE5-C24E-47F4-9648-DE67DAF0CCFE}.Release|Any CPU.ActiveCfg = Release|Any CPU
		{DB941FE5-C24E-47F4-9648-DE67DAF0CCFE}.Release|Any CPU.Build.0 = Release|Any CPU
		{9264D0D0-2625-480E-91E4-5F6730B49D2D}.Debug|Any CPU.ActiveCfg = Debug|Any CPU
		{9264D0D0-2625-480E-91E4-5F6730B49D2D}.Debug|Any CPU.Build.0 = Debug|Any CPU
		{9264D0D0-2625-480E-91E4-5F6730B49D2D}.Release|Any CPU.ActiveCfg = Release|Any CPU
		{9264D0D0-2625-480E-91E4-5F6730B49D2D}.Release|Any CPU.Build.0 = Release|Any CPU
		{ED66CA34-F1DE-4A5C-9FE3-7865F8997DE1}.Debug|Any CPU.ActiveCfg = Debug|Any CPU
		{ED66CA34-F1DE-4A5C-9FE3-7865F8997DE1}.Debug|Any CPU.Build.0 = Debug|Any CPU
		{ED66CA34-F1DE-4A5C-9FE3-7865F8997DE1}.Release|Any CPU.ActiveCfg = Release|Any CPU
		{ED66CA34-F1DE-4A5C-9FE3-7865F8997DE1}.Release|Any CPU.Build.0 = Release|Any CPU
		{3AB4E217-9202-48F6-B484-FE86BC003BCA}.Debug|Any CPU.ActiveCfg = Debug|Any CPU
		{3AB4E217-9202-48F6-B484-FE86BC003BCA}.Debug|Any CPU.Build.0 = Debug|Any CPU
		{3AB4E217-9202-48F6-B484-FE86BC003BCA}.Release|Any CPU.ActiveCfg = Release|Any CPU
		{3AB4E217-9202-48F6-B484-FE86BC003BCA}.Release|Any CPU.Build.0 = Release|Any CPU
		{DA8D8528-318D-4EEC-A359-4BBAF7ED58D5}.Debug|Any CPU.ActiveCfg = Debug|Any CPU
		{DA8D8528-318D-4EEC-A359-4BBAF7ED58D5}.Debug|Any CPU.Build.0 = Debug|Any CPU
		{DA8D8528-318D-4EEC-A359-4BBAF7ED58D5}.Release|Any CPU.ActiveCfg = Release|Any CPU
		{DA8D8528-318D-4EEC-A359-4BBAF7ED58D5}.Release|Any CPU.Build.0 = Release|Any CPU
	EndGlobalSection
	GlobalSection(NestedProjects) = preSolution
		{9264D0D0-2625-480E-91E4-5F6730B49D2D} = {C3132D69-926C-4557-B5FC-00B3B88B5947}
		{ED66CA34-F1DE-4A5C-9FE3-7865F8997DE1} = {44BB1ABE-B5F5-42FC-8A73-67F0B29774BA}
		{DB941FE5-C24E-47F4-9648-DE67DAF0CCFE} = {D7289B58-8837-4C27-AEE7-654AB504513F}
		{3AB4E217-9202-48F6-B484-FE86BC003BCA} = {D7289B58-8837-4C27-AEE7-654AB504513F}
		{DA8D8528-318D-4EEC-A359-4BBAF7ED58D5} = {D7289B58-8837-4C27-AEE7-654AB504513F}
	EndGlobalSection
EndGlobal
